
Microsoft Visual Studio Solution File, Format Version 12.00
# Visual Studio Version 17
VisualStudioVersion = 17.9.34616.47
MinimumVisualStudioVersion = 10.0.40219.1
Project("{8BC9CEB8-8B4A-11D0-8D11-00A0C91BC942}") = "JogoDaVelha", "JogoDaVelha\JogoDaVelha.vcxproj", "{FABD8A14-48D5-4C97-9496-737D8C84C3E8}"
EndProject
Global
	GlobalSection(SolutionConfigurationPlatforms) = preSolution
		Debug|x64 = Debug|x64
		Debug|x86 = Debug|x86
		Release|x64 = Release|x64
		Release|x86 = Release|x86
	EndGlobalSection
	GlobalSection(ProjectConfigurationPlatforms) = postSolution
		{FABD8A14-48D5-4C97-9496-737D8C84C3E8}.Debug|x64.ActiveCfg = Debug|x64
		{FABD8A14-48D5-4C97-9496-737D8C84C3E8}.Debug|x64.Build.0 = Debug|x64
		{FABD8A14-48D5-4C97-9496-737D8C84C3E8}.Debug|x86.ActiveCfg = Debug|Win32
		{FABD8A14-48D5-4C97-9496-737D8C84C3E8}.Debug|x86.Build.0 = Debug|Win32
		{FABD8A14-48D5-4C97-9496-737D8C84C3E8}.Release|x64.ActiveCfg = Release|x64
		{FABD8A14-48D5-4C97-9496-737D8C84C3E8}.Release|x64.Build.0 = Release|x64
		{FABD8A14-48D5-4C97-9496-737D8C84C3E8}.Release|x86.ActiveCfg = Release|Win32
		{FABD8A14-48D5-4C97-9496-737D8C84C3E8}.Release|x86.Build.0 = Release|Win32
	EndGlobalSection
	GlobalSection(SolutionProperties) = preSolution
		HideSolutionNode = FALSE
	EndGlobalSection
	GlobalSection(ExtensibilityGlobals) = postSolution
		SolutionGuid = {4A91BD67-6526-42AE-A001-6162C42DDD88}
	EndGlobalSection
EndGlobal
